
Microsoft Visual Studio Solution File, Format Version 12.00
# Visual Studio Version 17
VisualStudioVersion = 17.3.32929.385
MinimumVisualStudioVersion = 10.0.40219.1
Project("{FAE04EC0-301F-11D3-BF4B-00C04F79EFBC}") = "QuomodoFileManagementSystem.API", "QuomodoFileManagementSystem.API\QuomodoFileManagementSystem.API.csproj", "{176F35CD-5C76-4806-9BAC-F1FA501EE11C}"
EndProject
Project("{FAE04EC0-301F-11D3-BF4B-00C04F79EFBC}") = "QuomodoFileManagementSystem.Domain", "QuomodoFileManagementSystem.Domain\QuomodoFileManagementSystem.Domain.csproj", "{6C16C0DA-50FC-4798-9C9D-702D170AFFAA}"
EndProject
Project("{FAE04EC0-301F-11D3-BF4B-00C04F79EFBC}") = "QuomodoFileManagementSystem.Core", "QuomodoFileManagementSystem.Core\QuomodoFileManagementSystem.Core.csproj", "{A4846515-11E8-49E3-963E-0F0C665F436F}"
EndProject
Project("{FAE04EC0-301F-11D3-BF4B-00C04F79EFBC}") = "QuomodoFileManagementSystem.Infrastructure", "QuomodoFileManagementSystem.Infrastructure\QuomodoFileManagementSystem.Infrastructure.csproj", "{A5B4FB24-020B-42DA-9AC0-A8D8339E35E0}"
EndProject
Global
	GlobalSection(SolutionConfigurationPlatforms) = preSolution
		Debug|Any CPU = Debug|Any CPU
		Release|Any CPU = Release|Any CPU
	EndGlobalSection
	GlobalSection(ProjectConfigurationPlatforms) = postSolution
		{176F35CD-5C76-4806-9BAC-F1FA501EE11C}.Debug|Any CPU.ActiveCfg = Debug|Any CPU
		{176F35CD-5C76-4806-9BAC-F1FA501EE11C}.Debug|Any CPU.Build.0 = Debug|Any CPU
		{176F35CD-5C76-4806-9BAC-F1FA501EE11C}.Release|Any CPU.ActiveCfg = Release|Any CPU
		{176F35CD-5C76-4806-9BAC-F1FA501EE11C}.Release|Any CPU.Build.0 = Release|Any CPU
		{6C16C0DA-50FC-4798-9C9D-702D170AFFAA}.Debug|Any CPU.ActiveCfg = Debug|Any CPU
		{6C16C0DA-50FC-4798-9C9D-702D170AFFAA}.Debug|Any CPU.Build.0 = Debug|Any CPU
		{6C16C0DA-50FC-4798-9C9D-702D170AFFAA}.Release|Any CPU.ActiveCfg = Release|Any CPU
		{6C16C0DA-50FC-4798-9C9D-702D170AFFAA}.Release|Any CPU.Build.0 = Release|Any CPU
		{A4846515-11E8-49E3-963E-0F0C665F436F}.Debug|Any CPU.ActiveCfg = Debug|Any CPU
		{A4846515-11E8-49E3-963E-0F0C665F436F}.Debug|Any CPU.Build.0 = Debug|Any CPU
		{A4846515-11E8-49E3-963E-0F0C665F436F}.Release|Any CPU.ActiveCfg = Release|Any CPU
		{A4846515-11E8-49E3-963E-0F0C665F436F}.Release|Any CPU.Build.0 = Release|Any CPU
		{A5B4FB24-020B-42DA-9AC0-A8D8339E35E0}.Debug|Any CPU.ActiveCfg = Debug|Any CPU
		{A5B4FB24-020B-42DA-9AC0-A8D8339E35E0}.Debug|Any CPU.Build.0 = Debug|Any CPU
		{A5B4FB24-020B-42DA-9AC0-A8D8339E35E0}.Release|Any CPU.ActiveCfg = Release|Any CPU
		{A5B4FB24-020B-42DA-9AC0-A8D8339E35E0}.Release|Any CPU.Build.0 = Release|Any CPU
	EndGlobalSection
	GlobalSection(SolutionProperties) = preSolution
		HideSolutionNode = FALSE
	EndGlobalSection
	GlobalSection(ExtensibilityGlobals) = postSolution
		SolutionGuid = {4935E95C-20F7-47FC-93E9-EFED7D256576}
	EndGlobalSection
EndGlobal
